{
  "name": "qp-model",
  "version": "1.0.8",
  "lockfileVersion": 1,
  "requires": true,
  "dependencies": {
    "commander": {
      "version": "2.11.0",
      "resolved": "https://registry.npmjs.org/commander/-/commander-2.11.0.tgz",
      "integrity": "sha512-b0553uYA5YAEGgyYIGYROzKQ7X5RAqedkfjiZxwi0kL1g3bOaBNNZfYkzt/CL0umgD5wc9Jec2FbB98CjkMRvQ==",
      "dev": true
    },
    "qp-define": {
      "version": "2.0.2",
      "resolved": "https://registry.npmjs.org/qp-define/-/qp-define-2.0.2.tgz",
      "integrity": "sha512-HZijLANosObaqn2zKqPNl996FRHEBziDFg3k7+nIPU5FfHBB+pkH0f1+XGJ8AAlUJtubXZcChX2ZLnM0NjMkhA=="
    },
    "qp-utility": {
      "version": "1.4.18",
      "resolved": "https://registry.npmjs.org/qp-utility/-/qp-utility-1.4.18.tgz",
      "integrity": "sha512-DwZvmOI7ZhKHAXH7Sa6nxE0KRdNYlIu7x4LwGY9s25FGbJz9uCIN2m4iTimhGrBMeEpP+vkaq4rs3ucPCkYVVQ==",
      "requires": {
        "qp-define": "2.0.2"
      }
    },
    "source-map": {
      "version": "0.6.1",
      "resolved": "https://registry.npmjs.org/source-map/-/source-map-0.6.1.tgz",
      "integrity": "sha512-UjgapumWlbMhkBgzT7Ykc5YXUT46F0iKu8SGXq0bcwP5dz/h0Plj6enJqjz1Zbq2l5WaqYnrVbwWOWMyF3F47g==",
      "dev": true
    },
    "uglify-js": {
      "version": "3.1.9",
      "resolved": "https://registry.npmjs.org/uglify-js/-/uglify-js-3.1.9.tgz",
      "integrity": "sha512-ari2E89bD7f+fMU173NgF12JBcOhgoxeyuCs97h5K58IBENrnG9eVj2lFadrOPdqf0KifsxVmUQfzA2cHNxCZQ==",
      "dev": true,
      "requires": {
        "commander": "2.11.0",
        "source-map": "0.6.1"
      }
    }
  }
}
