{
  "name": "qp-model",
  "version": "1.0.26",
  "lockfileVersion": 1,
  "requires": true,
  "dependencies": {
    "commander": {
      "version": "2.13.0",
      "resolved": "https://registry.npmjs.org/commander/-/commander-2.13.0.tgz",
      "integrity": "sha512-MVuS359B+YzaWqjCL/c+22gfryv+mCBPHAv3zyVI2GN8EY6IRP8VwtasXn8jyyhvvq84R4ImN1OKRtcbIasjYA==",
      "dev": true
    },
    "qp-define": {
      "version": "2.0.2",
      "resolved": "https://registry.npmjs.org/qp-define/-/qp-define-2.0.2.tgz",
      "integrity": "sha512-HZijLANosObaqn2zKqPNl996FRHEBziDFg3k7+nIPU5FfHBB+pkH0f1+XGJ8AAlUJtubXZcChX2ZLnM0NjMkhA=="
    },
    "qp-utility": {
      "version": "1.4.27",
      "resolved": "https://registry.npmjs.org/qp-utility/-/qp-utility-1.4.27.tgz",
      "integrity": "sha512-nAt+AjOrsZ2SUadQEXwYcWxh1Kf4NwamuQoK0X0fK7iIWSIpd/5XITyh7lVmKa5ZwxbIvdsqDopwGvVnhnhEug==",
      "requires": {
        "qp-define": "2.0.2"
      }
    },
    "source-map": {
      "version": "0.6.1",
      "resolved": "https://registry.npmjs.org/source-map/-/source-map-0.6.1.tgz",
      "integrity": "sha512-UjgapumWlbMhkBgzT7Ykc5YXUT46F0iKu8SGXq0bcwP5dz/h0Plj6enJqjz1Zbq2l5WaqYnrVbwWOWMyF3F47g==",
      "dev": true
    },
    "uglify-js": {
      "version": "3.3.9",
      "resolved": "https://registry.npmjs.org/uglify-js/-/uglify-js-3.3.9.tgz",
      "integrity": "sha512-J2t8B5tj9JdPTW4+sNZXmiIWHzTvcoITkaqzTiilu/biZF/9crqf/Fi7k5hqbOmVRh9/hVNxAxBYIMF7N6SqMQ==",
      "dev": true,
      "requires": {
        "commander": "2.13.0",
        "source-map": "0.6.1"
      }
    }
  }
}
